
Microsoft Visual Studio Solution File, Format Version 12.00
# Visual Studio Version 17
VisualStudioVersion = 17.8.34330.188
MinimumVisualStudioVersion = 10.0.40219.1
Project("{9A19103F-16F7-4668-BE54-9A1E7A4F7556}") = "MDK.SDK.NET", "src\MDK.SDK.NET.csproj", "{56D0DE28-79BD-406A-8C00-D3F2D3E0658D}"
EndProject
Global
	GlobalSection(SolutionConfigurationPlatforms) = preSolution
		Debug|Any CPU = Debug|Any CPU
		Release|Any CPU = Release|Any CPU
	EndGlobalSection
	GlobalSection(ProjectConfigurationPlatforms) = postSolution
		{56D0DE28-79BD-406A-8C00-D3F2D3E0658D}.Debug|Any CPU.ActiveCfg = Debug|Any CPU
		{56D0DE28-79BD-406A-8C00-D3F2D3E0658D}.Debug|Any CPU.Build.0 = Debug|Any CPU
		{56D0DE28-79BD-406A-8C00-D3F2D3E0658D}.Release|Any CPU.ActiveCfg = Release|Any CPU
		{56D0DE28-79BD-406A-8C00-D3F2D3E0658D}.Release|Any CPU.Build.0 = Release|Any CPU
	EndGlobalSection
	GlobalSection(SolutionProperties) = preSolution
		HideSolutionNode = FALSE
	EndGlobalSection
	GlobalSection(ExtensibilityGlobals) = postSolution
		SolutionGuid = {E8893DE0-E9F5-4DFC-BB96-8D62F3C48BA7}
	EndGlobalSection
EndGlobal
