
Microsoft Visual Studio Solution File, Format Version 12.00
# Visual Studio Version 17
VisualStudioVersion = 17.5.002.0
MinimumVisualStudioVersion = 10.0.40219.1
Project("{9A19103F-16F7-4668-BE54-9A1E7A4F7556}") = "MDK.SDK.NET", "MDK.SDK.NET.csproj", "{31A73AF8-F244-4EE6-8933-0DBEC0519858}"
EndProject
Global
	GlobalSection(SolutionConfigurationPlatforms) = preSolution
		Debug|Any CPU = Debug|Any CPU
		Release|Any CPU = Release|Any CPU
	EndGlobalSection
	GlobalSection(ProjectConfigurationPlatforms) = postSolution
		{31A73AF8-F244-4EE6-8933-0DBEC0519858}.Debug|Any CPU.ActiveCfg = Debug|Any CPU
		{31A73AF8-F244-4EE6-8933-0DBEC0519858}.Debug|Any CPU.Build.0 = Debug|Any CPU
		{31A73AF8-F244-4EE6-8933-0DBEC0519858}.Release|Any CPU.ActiveCfg = Release|Any CPU
		{31A73AF8-F244-4EE6-8933-0DBEC0519858}.Release|Any CPU.Build.0 = Release|Any CPU
	EndGlobalSection
	GlobalSection(SolutionProperties) = preSolution
		HideSolutionNode = FALSE
	EndGlobalSection
	GlobalSection(ExtensibilityGlobals) = postSolution
		SolutionGuid = {94E90CAB-2E22-45B0-BAF8-B67AD39882F1}
	EndGlobalSection
EndGlobal
